
Microsoft Visual Studio Solution File, Format Version 12.00
# Visual Studio Version 17
VisualStudioVersion = 17.9.34723.18
MinimumVisualStudioVersion = 10.0.40219.1
Project("{9A19103F-16F7-4668-BE54-9A1E7A4F7556}") = "Processing", "Processing\Processing.csproj", "{E67CC6A5-9111-4B4F-AC79-F93F9874F0B0}"
EndProject
Project("{2150E333-8FDC-42A3-9474-1A3956D46DE8}") = "Solution Items", "Solution Items", "{6E904ADE-7506-49ED-AD56-4C7738C493B5}"
EndProject
Global
	GlobalSection(SolutionConfigurationPlatforms) = preSolution
		Debug|Any CPU = Debug|Any CPU
		Release|Any CPU = Release|Any CPU
	EndGlobalSection
	GlobalSection(ProjectConfigurationPlatforms) = postSolution
		{E67CC6A5-9111-4B4F-AC79-F93F9874F0B0}.Debug|Any CPU.ActiveCfg = Debug|Any CPU
		{E67CC6A5-9111-4B4F-AC79-F93F9874F0B0}.Debug|Any CPU.Build.0 = Debug|Any CPU
		{E67CC6A5-9111-4B4F-AC79-F93F9874F0B0}.Release|Any CPU.ActiveCfg = Release|Any CPU
		{E67CC6A5-9111-4B4F-AC79-F93F9874F0B0}.Release|Any CPU.Build.0 = Release|Any CPU
	EndGlobalSection
	GlobalSection(SolutionProperties) = preSolution
		HideSolutionNode = FALSE
	EndGlobalSection
	GlobalSection(ExtensibilityGlobals) = postSolution
		SolutionGuid = {0824A54E-60B8-46EB-9458-36145EA9B76D}
	EndGlobalSection
EndGlobal
